
Microsoft Visual Studio Solution File, Format Version 12.00
# Visual Studio Version 17
VisualStudioVersion = 17.0.31903.59
MinimumVisualStudioVersion = 10.0.40219.1
Project("{FAE04EC0-301F-11D3-BF4B-00C04F79EFBC}") = "learningapp", "learningapp\learningapp.csproj", "{05F25E66-40B8-4D4C-A8C6-A8DB98B53FCD}"
EndProject
Global
	GlobalSection(SolutionConfigurationPlatforms) = preSolution
		Debug|Any CPU = Debug|Any CPU
		Release|Any CPU = Release|Any CPU
	EndGlobalSection
	GlobalSection(SolutionProperties) = preSolution
		HideSolutionNode = FALSE
	EndGlobalSection
	GlobalSection(ProjectConfigurationPlatforms) = postSolution
		{05F25E66-40B8-4D4C-A8C6-A8DB98B53FCD}.Debug|Any CPU.ActiveCfg = Debug|Any CPU
		{05F25E66-40B8-4D4C-A8C6-A8DB98B53FCD}.Debug|Any CPU.Build.0 = Debug|Any CPU
		{05F25E66-40B8-4D4C-A8C6-A8DB98B53FCD}.Release|Any CPU.ActiveCfg = Release|Any CPU
		{05F25E66-40B8-4D4C-A8C6-A8DB98B53FCD}.Release|Any CPU.Build.0 = Release|Any CPU
	EndGlobalSection
EndGlobal
